
Microsoft Visual Studio Solution File, Format Version 12.00
# Visual Studio Version 16
VisualStudioVersion = 16.0.31321.278
MinimumVisualStudioVersion = 10.0.40219.1
Project("{FAE04EC0-301F-11D3-BF4B-00C04F79EFBC}") = "Ejercicio 5", "Ejercicio 5.csproj", "{F588802C-603C-4C1C-863F-6594A74A4415}"
EndProject
Global
	GlobalSection(SolutionConfigurationPlatforms) = preSolution
		Debug|Any CPU = Debug|Any CPU
		Release|Any CPU = Release|Any CPU
	EndGlobalSection
	GlobalSection(ProjectConfigurationPlatforms) = postSolution
		{F588802C-603C-4C1C-863F-6594A74A4415}.Debug|Any CPU.ActiveCfg = Debug|Any CPU
		{F588802C-603C-4C1C-863F-6594A74A4415}.Debug|Any CPU.Build.0 = Debug|Any CPU
		{F588802C-603C-4C1C-863F-6594A74A4415}.Release|Any CPU.ActiveCfg = Release|Any CPU
		{F588802C-603C-4C1C-863F-6594A74A4415}.Release|Any CPU.Build.0 = Release|Any CPU
	EndGlobalSection
	GlobalSection(SolutionProperties) = preSolution
		HideSolutionNode = FALSE
	EndGlobalSection
	GlobalSection(ExtensibilityGlobals) = postSolution
		SolutionGuid = {23A27733-0705-4400-9BCC-004F12FE6C63}
	EndGlobalSection
EndGlobal
